
Microsoft Visual Studio Solution File, Format Version 12.00
# Visual Studio 14
VisualStudioVersion = 14.0.25123.0
MinimumVisualStudioVersion = 10.0.40219.1
Project("{FAE04EC0-301F-11D3-BF4B-00C04F79EFBC}") = "SQLiteConnectionBuddy.Android", "SQLiteConnectionBuddy.Android\SQLiteConnectionBuddy.Android.csproj", "{5347405A-EBF2-44C8-840A-AD08AB3456ED}"
EndProject
Project("{FAE04EC0-301F-11D3-BF4B-00C04F79EFBC}") = "SQLiteConnectionBuddy.DesktopGL", "SQLiteConnectionBuddy.DesktopGL\SQLiteConnectionBuddy.DesktopGL.csproj", "{D1F26071-3B9D-452D-9965-CB509B432C63}"
EndProject
Project("{FAE04EC0-301F-11D3-BF4B-00C04F79EFBC}") = "SQLiteConnectionBuddy.iOS", "SQLiteConnectionBuddy.iOS\SQLiteConnectionBuddy.iOS.csproj", "{F543CD72-8ABA-4729-949C-CDF8B981487A}"
EndProject
Project("{FAE04EC0-301F-11D3-BF4B-00C04F79EFBC}") = "SQLiteConnectionBuddy.WindowsUniversal", "SQLiteConnectionBuddy.WindowsUniversal\SQLiteConnectionBuddy.WindowsUniversal.csproj", "{220AE1EB-7F4F-4B19-AA3F-8E424B23BD9E}"
EndProject
Project("{2150E333-8FDC-42A3-9474-1A3956D46DE8}") = "Solution Items", "Solution Items", "{5EFF3EC0-D607-4DAE-9776-F875FA46BEAB}"
	ProjectSection(SolutionItems) = preProject
		buildNugetPackages.ps1 = buildNugetPackages.ps1
		SQLiteConnectionBuddy.nuspec = SQLiteConnectionBuddy.nuspec
	EndProjectSection
EndProject
Global
	GlobalSection(SolutionConfigurationPlatforms) = preSolution
		AppStore|Any CPU = AppStore|Any CPU
		AppStore|ARM = AppStore|ARM
		AppStore|x64 = AppStore|x64
		AppStore|x86 = AppStore|x86
		Debug|Any CPU = Debug|Any CPU
		Debug|ARM = Debug|ARM
		Debug|x64 = Debug|x64
		Debug|x86 = Debug|x86
		Release|Any CPU = Release|Any CPU
		Release|ARM = Release|ARM
		Release|x64 = Release|x64
		Release|x86 = Release|x86
	EndGlobalSection
	GlobalSection(ProjectConfigurationPlatforms) = postSolution
		{5347405A-EBF2-44C8-840A-AD08AB3456ED}.AppStore|Any CPU.ActiveCfg = Release|Any CPU
		{5347405A-EBF2-44C8-840A-AD08AB3456ED}.AppStore|Any CPU.Build.0 = Release|Any CPU
		{5347405A-EBF2-44C8-840A-AD08AB3456ED}.AppStore|ARM.ActiveCfg = Release|Any CPU
		{5347405A-EBF2-44C8-840A-AD08AB3456ED}.AppStore|ARM.Build.0 = Release|Any CPU
		{5347405A-EBF2-44C8-840A-AD08AB3456ED}.AppStore|x64.ActiveCfg = Release|Any CPU
		{5347405A-EBF2-44C8-840A-AD08AB3456ED}.AppStore|x64.Build.0 = Release|Any CPU
		{5347405A-EBF2-44C8-840A-AD08AB3456ED}.AppStore|x86.ActiveCfg = Release|Any CPU
		{5347405A-EBF2-44C8-840A-AD08AB3456ED}.AppStore|x86.Build.0 = Release|Any CPU
		{5347405A-EBF2-44C8-840A-AD08AB3456ED}.Debug|Any CPU.ActiveCfg = Debug|Any CPU
		{5347405A-EBF2-44C8-840A-AD08AB3456ED}.Debug|Any CPU.Build.0 = Debug|Any CPU
		{5347405A-EBF2-44C8-840A-AD08AB3456ED}.Debug|ARM.ActiveCfg = Debug|Any CPU
		{5347405A-EBF2-44C8-840A-AD08AB3456ED}.Debug|ARM.Build.0 = Debug|Any CPU
		{5347405A-EBF2-44C8-840A-AD08AB3456ED}.Debug|x64.ActiveCfg = Debug|Any CPU
		{5347405A-EBF2-44C8-840A-AD08AB3456ED}.Debug|x64.Build.0 = Debug|Any CPU
		{5347405A-EBF2-44C8-840A-AD08AB3456ED}.Debug|x86.ActiveCfg = Debug|Any CPU
		{5347405A-EBF2-44C8-840A-AD08AB3456ED}.Debug|x86.Build.0 = Debug|Any CPU
		{5347405A-EBF2-44C8-840A-AD08AB3456ED}.Release|Any CPU.ActiveCfg = Release|Any CPU
		{5347405A-EBF2-44C8-840A-AD08AB3456ED}.Release|Any CPU.Build.0 = Release|Any CPU
		{5347405A-EBF2-44C8-840A-AD08AB3456ED}.Release|ARM.ActiveCfg = Release|Any CPU
		{5347405A-EBF2-44C8-840A-AD08AB3456ED}.Release|ARM.Build.0 = Release|Any CPU
		{5347405A-EBF2-44C8-840A-AD08AB3456ED}.Release|x64.ActiveCfg = Release|Any CPU
		{5347405A-EBF2-44C8-840A-AD08AB3456ED}.Release|x64.Build.0 = Release|Any CPU
		{5347405A-EBF2-44C8-840A-AD08AB3456ED}.Release|x86.ActiveCfg = Release|Any CPU
		{5347405A-EBF2-44C8-840A-AD08AB3456ED}.Release|x86.Build.0 = Release|Any CPU
		{D1F26071-3B9D-452D-9965-CB509B432C63}.AppStore|Any CPU.ActiveCfg = Release|Any CPU
		{D1F26071-3B9D-452D-9965-CB509B432C63}.AppStore|Any CPU.Build.0 = Release|Any CPU
		{D1F26071-3B9D-452D-9965-CB509B432C63}.AppStore|ARM.ActiveCfg = Release|Any CPU
		{D1F26071-3B9D-452D-9965-CB509B432C63}.AppStore|ARM.Build.0 = Release|Any CPU
		{D1F26071-3B9D-452D-9965-CB509B432C63}.AppStore|x64.ActiveCfg = Release|Any CPU
		{D1F26071-3B9D-452D-9965-CB509B432C63}.AppStore|x64.Build.0 = Release|Any CPU
		{D1F26071-3B9D-452D-9965-CB509B432C63}.AppStore|x86.ActiveCfg = Release|Any CPU
		{D1F26071-3B9D-452D-9965-CB509B432C63}.AppStore|x86.Build.0 = Release|Any CPU
		{D1F26071-3B9D-452D-9965-CB509B432C63}.Debug|Any CPU.ActiveCfg = Debug|Any CPU
		{D1F26071-3B9D-452D-9965-CB509B432C63}.Debug|Any CPU.Build.0 = Debug|Any CPU
		{D1F26071-3B9D-452D-9965-CB509B432C63}.Debug|ARM.ActiveCfg = Debug|Any CPU
		{D1F26071-3B9D-452D-9965-CB509B432C63}.Debug|ARM.Build.0 = Debug|Any CPU
		{D1F26071-3B9D-452D-9965-CB509B432C63}.Debug|x64.ActiveCfg = Debug|Any CPU
		{D1F26071-3B9D-452D-9965-CB509B432C63}.Debug|x64.Build.0 = Debug|Any CPU
		{D1F26071-3B9D-452D-9965-CB509B432C63}.Debug|x86.ActiveCfg = Debug|Any CPU
		{D1F26071-3B9D-452D-9965-CB509B432C63}.Debug|x86.Build.0 = Debug|Any CPU
		{D1F26071-3B9D-452D-9965-CB509B432C63}.Release|Any CPU.ActiveCfg = Release|Any CPU
		{D1F26071-3B9D-452D-9965-CB509B432C63}.Release|Any CPU.Build.0 = Release|Any CPU
		{D1F26071-3B9D-452D-9965-CB509B432C63}.Release|ARM.ActiveCfg = Release|Any CPU
		{D1F26071-3B9D-452D-9965-CB509B432C63}.Release|ARM.Build.0 = Release|Any CPU
		{D1F26071-3B9D-452D-9965-CB509B432C63}.Release|x64.ActiveCfg = Release|Any CPU
		{D1F26071-3B9D-452D-9965-CB509B432C63}.Release|x64.Build.0 = Release|Any CPU
		{D1F26071-3B9D-452D-9965-CB509B432C63}.Release|x86.ActiveCfg = Release|Any CPU
		{D1F26071-3B9D-452D-9965-CB509B432C63}.Release|x86.Build.0 = Release|Any CPU
		{F543CD72-8ABA-4729-949C-CDF8B981487A}.AppStore|Any CPU.ActiveCfg = Release|Any CPU
		{F543CD72-8ABA-4729-949C-CDF8B981487A}.AppStore|Any CPU.Build.0 = Release|Any CPU
		{F543CD72-8ABA-4729-949C-CDF8B981487A}.AppStore|ARM.ActiveCfg = Release|Any CPU
		{F543CD72-8ABA-4729-949C-CDF8B981487A}.AppStore|ARM.Build.0 = Release|Any CPU
		{F543CD72-8ABA-4729-949C-CDF8B981487A}.AppStore|x64.ActiveCfg = Release|Any CPU
		{F543CD72-8ABA-4729-949C-CDF8B981487A}.AppStore|x64.Build.0 = Release|Any CPU
		{F543CD72-8ABA-4729-949C-CDF8B981487A}.AppStore|x86.ActiveCfg = Release|Any CPU
		{F543CD72-8ABA-4729-949C-CDF8B981487A}.AppStore|x86.Build.0 = Release|Any CPU
		{F543CD72-8ABA-4729-949C-CDF8B981487A}.Debug|Any CPU.ActiveCfg = Debug|Any CPU
		{F543CD72-8ABA-4729-949C-CDF8B981487A}.Debug|Any CPU.Build.0 = Debug|Any CPU
		{F543CD72-8ABA-4729-949C-CDF8B981487A}.Debug|ARM.ActiveCfg = Debug|Any CPU
		{F543CD72-8ABA-4729-949C-CDF8B981487A}.Debug|ARM.Build.0 = Debug|Any CPU
		{F543CD72-8ABA-4729-949C-CDF8B981487A}.Debug|x64.ActiveCfg = Debug|Any CPU
		{F543CD72-8ABA-4729-949C-CDF8B981487A}.Debug|x64.Build.0 = Debug|Any CPU
		{F543CD72-8ABA-4729-949C-CDF8B981487A}.Debug|x86.ActiveCfg = Debug|Any CPU
		{F543CD72-8ABA-4729-949C-CDF8B981487A}.Debug|x86.Build.0 = Debug|Any CPU
		{F543CD72-8ABA-4729-949C-CDF8B981487A}.Release|Any CPU.ActiveCfg = Release|Any CPU
		{F543CD72-8ABA-4729-949C-CDF8B981487A}.Release|Any CPU.Build.0 = Release|Any CPU
		{F543CD72-8ABA-4729-949C-CDF8B981487A}.Release|ARM.ActiveCfg = Release|Any CPU
		{F543CD72-8ABA-4729-949C-CDF8B981487A}.Release|ARM.Build.0 = Release|Any CPU
		{F543CD72-8ABA-4729-949C-CDF8B981487A}.Release|x64.ActiveCfg = Release|Any CPU
		{F543CD72-8ABA-4729-949C-CDF8B981487A}.Release|x64.Build.0 = Release|Any CPU
		{F543CD72-8ABA-4729-949C-CDF8B981487A}.Release|x86.ActiveCfg = Release|Any CPU
		{F543CD72-8ABA-4729-949C-CDF8B981487A}.Release|x86.Build.0 = Release|Any CPU
		{220AE1EB-7F4F-4B19-AA3F-8E424B23BD9E}.AppStore|Any CPU.ActiveCfg = Release|Any CPU
		{220AE1EB-7F4F-4B19-AA3F-8E424B23BD9E}.AppStore|Any CPU.Build.0 = Release|Any CPU
		{220AE1EB-7F4F-4B19-AA3F-8E424B23BD9E}.AppStore|ARM.ActiveCfg = Release|ARM
		{220AE1EB-7F4F-4B19-AA3F-8E424B23BD9E}.AppStore|ARM.Build.0 = Release|ARM
		{220AE1EB-7F4F-4B19-AA3F-8E424B23BD9E}.AppStore|x64.ActiveCfg = Release|x64
		{220AE1EB-7F4F-4B19-AA3F-8E424B23BD9E}.AppStore|x64.Build.0 = Release|x64
		{220AE1EB-7F4F-4B19-AA3F-8E424B23BD9E}.AppStore|x86.ActiveCfg = Release|x86
		{220AE1EB-7F4F-4B19-AA3F-8E424B23BD9E}.AppStore|x86.Build.0 = Release|x86
		{220AE1EB-7F4F-4B19-AA3F-8E424B23BD9E}.Debug|Any CPU.ActiveCfg = Debug|Any CPU
		{220AE1EB-7F4F-4B19-AA3F-8E424B23BD9E}.Debug|Any CPU.Build.0 = Debug|Any CPU
		{220AE1EB-7F4F-4B19-AA3F-8E424B23BD9E}.Debug|ARM.ActiveCfg = Debug|ARM
		{220AE1EB-7F4F-4B19-AA3F-8E424B23BD9E}.Debug|ARM.Build.0 = Debug|ARM
		{220AE1EB-7F4F-4B19-AA3F-8E424B23BD9E}.Debug|x64.ActiveCfg = Debug|x64
		{220AE1EB-7F4F-4B19-AA3F-8E424B23BD9E}.Debug|x64.Build.0 = Debug|x64
		{220AE1EB-7F4F-4B19-AA3F-8E424B23BD9E}.Debug|x86.ActiveCfg = Debug|x86
		{220AE1EB-7F4F-4B19-AA3F-8E424B23BD9E}.Debug|x86.Build.0 = Debug|x86
		{220AE1EB-7F4F-4B19-AA3F-8E424B23BD9E}.Release|Any CPU.ActiveCfg = Release|Any CPU
		{220AE1EB-7F4F-4B19-AA3F-8E424B23BD9E}.Release|Any CPU.Build.0 = Release|Any CPU
		{220AE1EB-7F4F-4B19-AA3F-8E424B23BD9E}.Release|ARM.ActiveCfg = Release|ARM
		{220AE1EB-7F4F-4B19-AA3F-8E424B23BD9E}.Release|ARM.Build.0 = Release|ARM
		{220AE1EB-7F4F-4B19-AA3F-8E424B23BD9E}.Release|x64.ActiveCfg = Release|x64
		{220AE1EB-7F4F-4B19-AA3F-8E424B23BD9E}.Release|x64.Build.0 = Release|x64
		{220AE1EB-7F4F-4B19-AA3F-8E424B23BD9E}.Release|x86.ActiveCfg = Release|x86
		{220AE1EB-7F4F-4B19-AA3F-8E424B23BD9E}.Release|x86.Build.0 = Release|x86
	EndGlobalSection
	GlobalSection(SolutionProperties) = preSolution
		HideSolutionNode = FALSE
	EndGlobalSection
EndGlobal
